{
  "nodes": {
    "nixpkgs": {
      "locked": {
        "lastModified": 1622782420,
        "narHash": "sha256-mjwipZOs2sh9AmZb6j/rEqgIJ4SoOIkmt5S3V5ZHvXo=",
        "owner": "NixOS",
        "repo": "nixpkgs",
        "rev": "e9dd32f58e6fac78ca8b981f6317e204dfde0638",
        "type": "github"
      },
      "original": {
        "owner": "NixOS",
        "repo": "nixpkgs",
        "type": "github"
      }
    },
    "root": {
      "inputs": {
        "nixpkgs": "nixpkgs"
      }
    }
  },
  "root": "root",
  "version": 7
}
