{
  "nodes": {
    "nixpkgs": {
      "locked": {
        "lastModified": 1622784535,
        "narHash": "sha256-Qbc3cs0Qo5L5rFY5VFo32s9zCtsf574lwGLdUxToUZs=",
        "owner": "NixOS",
        "repo": "nixpkgs",
        "rev": "c0a9458083a04e2e59f28896359e21b951d41cbd",
        "type": "github"
      },
      "original": {
        "owner": "NixOS",
        "repo": "nixpkgs",
        "type": "github"
      }
    },
    "root": {
      "inputs": {
        "nixpkgs": "nixpkgs"
      }
    }
  },
  "root": "root",
  "version": 7
}
