{
  "nodes": {
    "nixpkgs": {
      "locked": {
        "lastModified": 1621473272,
        "narHash": "sha256-ox5gHIvYrUvzwYy0DcXfBWAd9U1SxTXzeW7HP/9IU7Q=",
        "owner": "NixOS",
        "repo": "nixpkgs",
        "rev": "259e3fc46f986ff8502879d8a7408f82c9a19eb2",
        "type": "github"
      },
      "original": {
        "owner": "NixOS",
        "repo": "nixpkgs",
        "type": "github"
      }
    },
    "root": {
      "inputs": {
        "nixpkgs": "nixpkgs"
      }
    }
  },
  "root": "root",
  "version": 7
}
