{
  "nodes": {
    "home-manager": {
      "inputs": {
        "nixpkgs": [
          "nixpkgs"
        ]
      },
      "locked": {
        "lastModified": 1622482341,
        "narHash": "sha256-qNTi74De8iTyCQiDqOKRRNOk1pu++BpxvbmKSeqg8es=",
        "owner": "nix-community",
        "repo": "home-manager",
        "rev": "2a4ab0d891a59fd3a0fc09e9805aad5a8f82dfac",
        "type": "github"
      },
      "original": {
        "owner": "nix-community",
        "repo": "home-manager",
        "type": "github"
      }
    },
    "modules": {
      "inputs": {
        "nixpkgs": [
          "nixpkgs"
        ]
      },
      "locked": {
        "narHash": "sha256-XoZAVRN9+0S4x9c3B8ClQ9D/FW3VZMGsn6slOZMQUFQ=",
        "path": "./modules",
        "type": "path"
      },
      "original": {
        "path": "./modules",
        "type": "path"
      }
    },
    "nixpkgs": {
      "locked": {
        "lastModified": 1622362955,
        "narHash": "sha256-azGfd/yS4Bwh7TunIs7P8iaWRUPdcZpBuDqfJregb7E=",
        "owner": "NixOS",
        "repo": "nixpkgs",
        "rev": "bfdf04bd21bb99b05bb10f0de8876ad4baca48e4",
        "type": "github"
      },
      "original": {
        "owner": "NixOS",
        "ref": "nixos-unstable-small",
        "repo": "nixpkgs",
        "type": "github"
      }
    },
    "root": {
      "inputs": {
        "home-manager": "home-manager",
        "modules": "modules",
        "nixpkgs": "nixpkgs",
        "utils": "utils"
      }
    },
    "utils": {
      "locked": {
        "narHash": "sha256-BZETZbhca8YgX0BSTC/B5Pwh5zkbfOVb+MdmgqTHyGU=",
        "path": "./utils",
        "type": "path"
      },
      "original": {
        "path": "./utils",
        "type": "path"
      }
    }
  },
  "root": "root",
  "version": 7
}
