{
  "nodes": {
    "home-manager": {
      "inputs": {
        "nixpkgs": [
          "nixpkgs"
        ]
      },
      "locked": {
        "lastModified": 1622678600,
        "narHash": "sha256-mDNqOvtiZs6HuNxkfMUGhmUwAbQxdOyqecf0rVGq7h0=",
        "owner": "nix-community",
        "repo": "home-manager",
        "rev": "95da56b783e4ccc8ded71137e4add780b239dd46",
        "type": "github"
      },
      "original": {
        "owner": "nix-community",
        "repo": "home-manager",
        "type": "github"
      }
    },
    "modules": {
      "inputs": {
        "nixpkgs": [
          "nixpkgs"
        ]
      },
      "locked": {
        "narHash": "sha256-4r+ukJRs0sMGHnbfen0o9E5ppfNEjsrTfj/C/BxvGA4=",
        "path": "./modules",
        "type": "path"
      },
      "original": {
        "path": "./modules",
        "type": "path"
      }
    },
    "nixpkgs": {
      "locked": {
        "lastModified": 1622629464,
        "narHash": "sha256-o7HBgsi0eUkuLheM+ur86900OP+6dQlrawTVDqa20Rk=",
        "owner": "NixOS",
        "repo": "nixpkgs",
        "rev": "239da47116274ee326a965d80b3ed1d3bf08af62",
        "type": "github"
      },
      "original": {
        "owner": "NixOS",
        "ref": "nixos-unstable-small",
        "repo": "nixpkgs",
        "type": "github"
      }
    },
    "root": {
      "inputs": {
        "home-manager": "home-manager",
        "modules": "modules",
        "nixpkgs": "nixpkgs",
        "utils": "utils"
      }
    },
    "utils": {
      "locked": {
        "narHash": "sha256-BZETZbhca8YgX0BSTC/B5Pwh5zkbfOVb+MdmgqTHyGU=",
        "path": "./utils",
        "type": "path"
      },
      "original": {
        "path": "./utils",
        "type": "path"
      }
    }
  },
  "root": "root",
  "version": 7
}
