{
  "nodes": {
    "flake-compat": {
      "flake": false,
      "locked": {
        "lastModified": 1606424373,
        "narHash": "sha256-oq8d4//CJOrVj+EcOaSXvMebvuTkmBJuT5tzlfewUnQ=",
        "owner": "edolstra",
        "repo": "flake-compat",
        "rev": "99f1c2157fba4bfe6211a321fd0ee43199025dbf",
        "type": "github"
      },
      "original": {
        "owner": "edolstra",
        "repo": "flake-compat",
        "type": "github"
      }
    },
    "flake-utils": {
      "locked": {
        "lastModified": 1623875721,
        "narHash": "sha256-A8BU7bjS5GirpAUv4QA+QnJ4CceLHkcXdRp4xITDB0s=",
        "owner": "numtide",
        "repo": "flake-utils",
        "rev": "f7e004a55b120c02ecb6219596820fcd32ca8772",
        "type": "github"
      },
      "original": {
        "owner": "numtide",
        "repo": "flake-utils",
        "type": "github"
      }
    },
    "home-manager": {
      "inputs": {
        "nixpkgs": [
          "nixpkgs"
        ]
      },
      "locked": {
        "lastModified": 1630428740,
        "narHash": "sha256-394yJxkFjvg47vB0jK5WHCitLDilyGjO3HpuZkAM2GA=",
        "owner": "nix-community",
        "repo": "home-manager",
        "rev": "21a2ff449620a9cb91802f9d1a9157b2ae8c6b39",
        "type": "github"
      },
      "original": {
        "owner": "nix-community",
        "repo": "home-manager",
        "type": "github"
      }
    },
    "modules": {
      "inputs": {
        "neovim-nightly-overlay": [
          "neovim-nightly-overlay"
        ],
        "nixpkgs": [
          "nixpkgs"
        ],
        "utils": [
          "utils"
        ]
      },
      "locked": {
        "narHash": "sha256-bNJiq1gLbSmGpMG5Nqc4Q9yP5yfvoKSaufQ9hO7mc4Q=",
        "path": "./modules",
        "type": "path"
      },
      "original": {
        "path": "./modules",
        "type": "path"
      }
    },
    "neovim-flake": {
      "inputs": {
        "flake-utils": "flake-utils",
        "nixpkgs": [
          "nixpkgs"
        ]
      },
      "locked": {
        "dir": "contrib",
        "lastModified": 1625977957,
        "narHash": "sha256-ErhoKxwQ8h9QLc5oASfKrrH6QqbsliN7N8kn+CTgZCU=",
        "owner": "neovim",
        "repo": "neovim",
        "rev": "79fe9dedcfede1d2038b47a21f21a995051deaa2",
        "type": "github"
      },
      "original": {
        "dir": "contrib",
        "owner": "neovim",
        "repo": "neovim",
        "type": "github"
      }
    },
    "neovim-nightly-overlay": {
      "inputs": {
        "flake-compat": "flake-compat",
        "neovim-flake": "neovim-flake",
        "nixpkgs": [
          "nixpkgs"
        ]
      },
      "locked": {
        "lastModified": 1625991077,
        "narHash": "sha256-n3Eov2S+5TmN5K4ptXkdIJGdDD6wdovs+XaQNrVBy64=",
        "owner": "nix-community",
        "repo": "neovim-nightly-overlay",
        "rev": "7ded2a7207bef8d3b55126a76de285907efbaad8",
        "type": "github"
      },
      "original": {
        "owner": "nix-community",
        "repo": "neovim-nightly-overlay",
        "rev": "7ded2a7207bef8d3b55126a76de285907efbaad8",
        "type": "github"
      }
    },
    "nixpkgs": {
      "locked": {
        "lastModified": 1630248577,
        "narHash": "sha256-9d/yq96TTrnF7qjA6wPYk+rYjWAXwfUmwk3qewezSeg=",
        "owner": "NixOS",
        "repo": "nixpkgs",
        "rev": "8d8a28b47b7c41aeb4ad01a2bd8b7d26986c3512",
        "type": "github"
      },
      "original": {
        "owner": "NixOS",
        "ref": "nixos-unstable",
        "repo": "nixpkgs",
        "type": "github"
      }
    },
    "root": {
      "inputs": {
        "home-manager": "home-manager",
        "modules": "modules",
        "neovim-nightly-overlay": "neovim-nightly-overlay",
        "nixpkgs": "nixpkgs",
        "utils": "utils"
      }
    },
    "utils": {
      "locked": {
        "narHash": "sha256-IVAqXO3Bfo/6NzLuf/gWx/Q1phOzltpm+Os0qbHdd9Q=",
        "path": "./utils",
        "type": "path"
      },
      "original": {
        "path": "./utils",
        "type": "path"
      }
    }
  },
  "root": "root",
  "version": 7
}
